
Microsoft Visual Studio Solution File, Format Version 12.00
# Visual Studio Version 17
VisualStudioVersion = 17.3.32929.385
MinimumVisualStudioVersion = 10.0.40219.1
Project("{2150E333-8FDC-42A3-9474-1A3956D46DE8}") = "Solution Items", "Solution Items", "{96B42E0B-078E-4FC9-BD3C-9485D2D78711}"
	ProjectSection(SolutionItems) = preProject
		Readme.md = Readme.md
	EndProjectSection
EndProject
Project("{6EC3EE1D-3C4E-46DD-8F32-0CC8E7565705}") = "Assignment1.Test", "Assignment1.Test\Assignment1.Test.fsproj", "{BE18EC59-6A14-4409-8682-AD19CA4BAA7D}"
EndProject
Project("{6EC3EE1D-3C4E-46DD-8F32-0CC8E7565705}") = "Assignment1", "Assignment1\Assignment1.fsproj", "{BFC1D80B-4116-48CB-91AF-A2BE4A70D7C4}"
EndProject
Global
	GlobalSection(SolutionConfigurationPlatforms) = preSolution
		Debug|Any CPU = Debug|Any CPU
		Release|Any CPU = Release|Any CPU
	EndGlobalSection
	GlobalSection(ProjectConfigurationPlatforms) = postSolution
		{BE18EC59-6A14-4409-8682-AD19CA4BAA7D}.Debug|Any CPU.ActiveCfg = Debug|Any CPU
		{BE18EC59-6A14-4409-8682-AD19CA4BAA7D}.Debug|Any CPU.Build.0 = Debug|Any CPU
		{BE18EC59-6A14-4409-8682-AD19CA4BAA7D}.Release|Any CPU.ActiveCfg = Release|Any CPU
		{BE18EC59-6A14-4409-8682-AD19CA4BAA7D}.Release|Any CPU.Build.0 = Release|Any CPU
		{BFC1D80B-4116-48CB-91AF-A2BE4A70D7C4}.Debug|Any CPU.ActiveCfg = Debug|Any CPU
		{BFC1D80B-4116-48CB-91AF-A2BE4A70D7C4}.Debug|Any CPU.Build.0 = Debug|Any CPU
		{BFC1D80B-4116-48CB-91AF-A2BE4A70D7C4}.Release|Any CPU.ActiveCfg = Release|Any CPU
		{BFC1D80B-4116-48CB-91AF-A2BE4A70D7C4}.Release|Any CPU.Build.0 = Release|Any CPU
	EndGlobalSection
	GlobalSection(SolutionProperties) = preSolution
		HideSolutionNode = FALSE
	EndGlobalSection
	GlobalSection(ExtensibilityGlobals) = postSolution
		SolutionGuid = {3469E2F1-FE2A-4D2A-91D8-4A6093A7453A}
	EndGlobalSection
EndGlobal
